
Microsoft Visual Studio Solution File, Format Version 12.00
# Visual Studio Version 17
VisualStudioVersion = 17.5.33627.172
MinimumVisualStudioVersion = 10.0.40219.1
Project("{FAE04EC0-301F-11D3-BF4B-00C04F79EFBC}") = "Joc_de_Strategie", "Joc_de_Strategie\Joc_de_Strategie.csproj", "{86A6D38C-3FA0-4403-BD49-266C070D5D7E}"
EndProject
Global
	GlobalSection(SolutionConfigurationPlatforms) = preSolution
		Debug|Any CPU = Debug|Any CPU
		Release|Any CPU = Release|Any CPU
	EndGlobalSection
	GlobalSection(ProjectConfigurationPlatforms) = postSolution
		{86A6D38C-3FA0-4403-BD49-266C070D5D7E}.Debug|Any CPU.ActiveCfg = Debug|Any CPU
		{86A6D38C-3FA0-4403-BD49-266C070D5D7E}.Debug|Any CPU.Build.0 = Debug|Any CPU
		{86A6D38C-3FA0-4403-BD49-266C070D5D7E}.Release|Any CPU.ActiveCfg = Release|Any CPU
		{86A6D38C-3FA0-4403-BD49-266C070D5D7E}.Release|Any CPU.Build.0 = Release|Any CPU
	EndGlobalSection
	GlobalSection(SolutionProperties) = preSolution
		HideSolutionNode = FALSE
	EndGlobalSection
	GlobalSection(ExtensibilityGlobals) = postSolution
		SolutionGuid = {201A9AA1-2137-4600-BA5F-84D381015BCE}
	EndGlobalSection
EndGlobal
